github.com/kettek/apng v0.0.0-20191108220231-414630eed80f h1:dnCYnTSltLuPMfc7dMrkz2uBUcEf/OFBR8yRh3oRT98=
github.com/kettek/apng v0.0.0-20191108220231-414630eed80f/go.mod h1:x78/VRQYKuCftMWS0uK5e+F5RJ7S4gSlESRWI0Prl6Q=
github.com/sizeofint/webpanimation v0.0.0-20210809145948-1d2b32119882 h1:A7o8tOERTtpD/poS+2VoassCjXpjHn916luXbf5QKD0=
github.com/sizeofint/webpanimation v0.0.0-20210809145948-1d2b32119882/go.mod h1:5IwJoz9Pw7JsrCN4/skkxUtSWT7myuUPLhCgv6Q5vvQ=
